
Microsoft Visual Studio Solution File, Format Version 12.00
# Visual Studio 15
VisualStudioVersion = 15.0.27703.2042
MinimumVisualStudioVersion = 10.0.40219.1
Project("{FAE04EC0-301F-11D3-BF4B-00C04F79EFBC}") = "BruteforceBrainfuck", "BruteforceBrainfuck\BruteforceBrainfuck.csproj", "{BE802662-EF49-4747-807C-6A415BFF4947}"
EndProject
Global
	GlobalSection(SolutionConfigurationPlatforms) = preSolution
		Debug|Any CPU = Debug|Any CPU
		Release|Any CPU = Release|Any CPU
	EndGlobalSection
	GlobalSection(ProjectConfigurationPlatforms) = postSolution
		{BE802662-EF49-4747-807C-6A415BFF4947}.Debug|Any CPU.ActiveCfg = Debug|Any CPU
		{BE802662-EF49-4747-807C-6A415BFF4947}.Debug|Any CPU.Build.0 = Debug|Any CPU
		{BE802662-EF49-4747-807C-6A415BFF4947}.Release|Any CPU.ActiveCfg = Release|Any CPU
		{BE802662-EF49-4747-807C-6A415BFF4947}.Release|Any CPU.Build.0 = Release|Any CPU
	EndGlobalSection
	GlobalSection(SolutionProperties) = preSolution
		HideSolutionNode = FALSE
	EndGlobalSection
	GlobalSection(ExtensibilityGlobals) = postSolution
		SolutionGuid = {E626CB64-28C8-4C02-98B4-706F9254B306}
	EndGlobalSection
EndGlobal
